{
  "name": "Spillnote",
  "lockfileVersion": 3,
  "requires": true,
  "packages": {
    "": {
      "name": "Spillnote",
      "devDependencies": {
        "dotenv": "^16.3.1"
      }
    },
    "node_modules/dotenv": {
      "version": "16.3.1",
      "dev": true,
      "license": "BSD-2-Clause",
      "engines": {
        "node": ">=12"
      },
      "funding": {
        "url": "https://github.com/motdotla/dotenv?sponsor=1"
      }
    }
  }
}
